// !$*UTF8*$!
{
	archiveVersion = 1;
	classes = {
	};
	objectVersion = 46;
	objects = {

/* Begin PBXBuildFile section */
		3432B28C1ECC2250007D5EA2 /* main.m in Sources */ = {isa = PBXBuildFile; fileRef = 3432B28B1ECC2250007D5EA2 /* main.m */; };
		3432B28F1ECC2250007D5EA2 /* AppDelegate.m in Sources */ = {isa = PBXBuildFile; fileRef = 3432B28E1ECC2250007D5EA2 /* AppDelegate.m */; };
		3432B2921ECC2250007D5EA2 /* ViewController.m in Sources */ = {isa = PBXBuildFile; fileRef = 3432B2911ECC2250007D5EA2 /* ViewController.m */; };
		3432B2951ECC2250007D5EA2 /* Main.storyboard in Resources */ = {isa = PBXBuildFile; fileRef = 3432B2931ECC2250007D5EA2 /* Main.storyboard */; };
		3432B2971ECC2250007D5EA2 /* Assets.xcassets in Resources */ = {isa = PBXBuildFile; fileRef = 3432B2961ECC2250007D5EA2 /* Assets.xcassets */; };
		3432B29A1ECC2250007D5EA2 /* LaunchScreen.storyboard in Resources */ = {isa = PBXBuildFile; fileRef = 3432B2981ECC2250007D5EA2 /* LaunchScreen.storyboard */; };
		3432B2A51ECC2251007D5EA2 /* OrderedDictionaryToolsTests.m in Sources */ = {isa = PBXBuildFile; fileRef = 3432B2A41ECC2251007D5EA2 /* OrderedDictionaryToolsTests.m */; };
		3432B2B01ECC2251007D5EA2 /* OrderedDictionaryToolsUITests.m in Sources */ = {isa = PBXBuildFile; fileRef = 3432B2AF1ECC2251007D5EA2 /* OrderedDictionaryToolsUITests.m */; };
		34A1C83A1EFCF8D800BCE1A4 /* NSDictionary+OrderDictionary.m in Sources */ = {isa = PBXBuildFile; fileRef = 34A1C8371EFCF8D800BCE1A4 /* NSDictionary+OrderDictionary.m */; };
		34A1C83B1EFCF8D800BCE1A4 /* OrderDic.m in Sources */ = {isa = PBXBuildFile; fileRef = 34A1C8391EFCF8D800BCE1A4 /* OrderDic.m */; };
/* End PBXBuildFile section */

/* Begin PBXContainerItemProxy section */
		3432B2A11ECC2251007D5EA2 /* PBXContainerItemProxy */ = {
			isa = PBXContainerItemProxy;
			containerPortal = 3432B27F1ECC2250007D5EA2 /* Project object */;
			proxyType = 1;
			remoteGlobalIDString = 3432B2861ECC2250007D5EA2;
			remoteInfo = OrderedDictionaryTools;
		};
		3432B2AC1ECC2251007D5EA2 /* PBXContainerItemProxy */ = {
			isa = PBXContainerItemProxy;
			containerPortal = 3432B27F1ECC2250007D5EA2 /* Project object */;
			proxyType = 1;
			remoteGlobalIDString = 3432B2861ECC2250007D5EA2;
			remoteInfo = OrderedDictionaryTools;
		};
/* End PBXContainerItemProxy section */

/* Begin PBXFileReference section */
		3432B2871ECC2250007D5EA2 /* OrderedDictionaryTools.app */ = {isa = PBXFileReference; explicitFileType = wrapper.application; includeInIndex = 0; path = OrderedDictionaryTools.app; sourceTree = BUILT_PRODUCTS_DIR; };
		3432B28B1ECC2250007D5EA2 /* main.m */ = {isa = PBXFileReference; lastKnownFileType = sourcecode.c.objc; path = main.m; sourceTree = "<group>"; };
		3432B28D1ECC2250007D5EA2 /* AppDelegate.h */ = {isa = PBXFileReference; lastKnownFileType = sourcecode.c.h; path = AppDelegate.h; sourceTree = "<group>"; };
		3432B28E1ECC2250007D5EA2 /* AppDelegate.m */ = {isa = PBXFileReference; lastKnownFileType = sourcecode.c.objc; path = AppDelegate.m; sourceTree = "<group>"; };
		3432B2901ECC2250007D5EA2 /* ViewController.h */ = {isa = PBXFileReference; lastKnownFileType = sourcecode.c.h; path = ViewController.h; sourceTree = "<group>"; };
		3432B2911ECC2250007D5EA2 /* ViewController.m */ = {isa = PBXFileReference; lastKnownFileType = sourcecode.c.objc; path = ViewController.m; sourceTree = "<group>"; };
		3432B2941ECC2250007D5EA2 /* Base */ = {isa = PBXFileReference; lastKnownFileType = file.storyboard; name = Base; path = Base.lproj/Main.storyboard; sourceTree = "<group>"; };
		3432B2961ECC2250007D5EA2 /* Assets.xcassets */ = {isa = PBXFileReference; lastKnownFileType = folder.assetcatalog; path = Assets.xcassets; sourceTree = "<group>"; };
		3432B2991ECC2250007D5EA2 /* Base */ = {isa = PBXFileReference; lastKnownFileType = file.storyboard; name = Base; path = Base.lproj/LaunchScreen.storyboard; sourceTree = "<group>"; };
		3432B29B1ECC2250007D5EA2 /* Info.plist */ = {isa = PBXFileReference; lastKnownFileType = text.plist.xml; path = Info.plist; sourceTree = "<group>"; };
		3432B2A01ECC2251007D5EA2 /* OrderedDictionaryToolsTests.xctest */ = {isa = PBXFileReference; explicitFileType = wrapper.cfbundle; includeInIndex = 0; path = OrderedDictionaryToolsTests.xctest; sourceTree = BUILT_PRODUCTS_DIR; };
		3432B2A41ECC2251007D5EA2 /* OrderedDictionaryToolsTests.m */ = {isa = PBXFileReference; lastKnownFileType = sourcecode.c.objc; path = OrderedDictionaryToolsTests.m; sourceTree = "<group>"; };
		3432B2A61ECC2251007D5EA2 /* Info.plist */ = {isa = PBXFileReference; lastKnownFileType = text.plist.xml; path = Info.plist; sourceTree = "<group>"; };
		3432B2AB1ECC2251007D5EA2 /* OrderedDictionaryToolsUITests.xctest */ = {isa = PBXFileReference; explicitFileType = wrapper.cfbundle; includeInIndex = 0; path = OrderedDictionaryToolsUITests.xctest; sourceTree = BUILT_PRODUCTS_DIR; };
		3432B2AF1ECC2251007D5EA2 /* OrderedDictionaryToolsUITests.m */ = {isa = PBXFileReference; lastKnownFileType = sourcecode.c.objc; path = OrderedDictionaryToolsUITests.m; sourceTree = "<group>"; };
		3432B2B11ECC2251007D5EA2 /* Info.plist */ = {isa = PBXFileReference; lastKnownFileType = text.plist.xml; path = Info.plist; sourceTree = "<group>"; };
		34A1C8361EFCF8D800BCE1A4 /* NSDictionary+OrderDictionary.h */ = {isa = PBXFileReference; fileEncoding = 4; lastKnownFileType = sourcecode.c.h; path = "NSDictionary+OrderDictionary.h"; sourceTree = "<group>"; };
		34A1C8371EFCF8D800BCE1A4 /* NSDictionary+OrderDictionary.m */ = {isa = PBXFileReference; fileEncoding = 4; lastKnownFileType = sourcecode.c.objc; path = "NSDictionary+OrderDictionary.m"; sourceTree = "<group>"; };
		34A1C8381EFCF8D800BCE1A4 /* OrderDic.h */ = {isa = PBXFileReference; fileEncoding = 4; lastKnownFileType = sourcecode.c.h; path = OrderDic.h; sourceTree = "<group>"; };
		34A1C8391EFCF8D800BCE1A4 /* OrderDic.m */ = {isa = PBXFileReference; fileEncoding = 4; lastKnownFileType = sourcecode.c.objc; path = OrderDic.m; sourceTree = "<group>"; };
/* End PBXFileReference section */

/* Begin PBXFrameworksBuildPhase section */
		3432B2841ECC2250007D5EA2 /* Frameworks */ = {
			isa = PBXFrameworksBuildPhase;
			buildActionMask = 2147483647;
			files = (
			);
			runOnlyForDeploymentPostprocessing = 0;
		};
		3432B29D1ECC2251007D5EA2 /* Frameworks */ = {
			isa = PBXFrameworksBuildPhase;
			buildActionMask = 2147483647;
			files = (
			);
			runOnlyForDeploymentPostprocessing = 0;
		};
		3432B2A81ECC2251007D5EA2 /* Frameworks */ = {
			isa = PBXFrameworksBuildPhase;
			buildActionMask = 2147483647;
			files = (
			);
			runOnlyForDeploymentPostprocessing = 0;
		};
/* End PBXFrameworksBuildPhase section */

/* Begin PBXGroup section */
		3432B27E1ECC2250007D5EA2 = {
			isa = PBXGroup;
			children = (
				3432B2891ECC2250007D5EA2 /* OrderedDictionaryTools */,
				3432B2A31ECC2251007D5EA2 /* OrderedDictionaryToolsTests */,
				3432B2AE1ECC2251007D5EA2 /* OrderedDictionaryToolsUITests */,
				3432B2881ECC2250007D5EA2 /* Products */,
			);
			sourceTree = "<group>";
		};
		3432B2881ECC2250007D5EA2 /* Products */ = {
			isa = PBXGroup;
			children = (
				3432B2871ECC2250007D5EA2 /* OrderedDictionaryTools.app */,
				3432B2A01ECC2251007D5EA2 /* OrderedDictionaryToolsTests.xctest */,
				3432B2AB1ECC2251007D5EA2 /* OrderedDictionaryToolsUITests.xctest */,
			);
			name = Products;
			sourceTree = "<group>";
		};
		3432B2891ECC2250007D5EA2 /* OrderedDictionaryTools */ = {
			isa = PBXGroup;
			children = (
				34A1C8351EFCF8D800BCE1A4 /* OrderDictionary */,
				3432B28D1ECC2250007D5EA2 /* AppDelegate.h */,
				3432B28E1ECC2250007D5EA2 /* AppDelegate.m */,
				3432B2901ECC2250007D5EA2 /* ViewController.h */,
				3432B2911ECC2250007D5EA2 /* ViewController.m */,
				3432B2931ECC2250007D5EA2 /* Main.storyboard */,
				3432B2961ECC2250007D5EA2 /* Assets.xcassets */,
				3432B2981ECC2250007D5EA2 /* LaunchScreen.storyboard */,
				3432B29B1ECC2250007D5EA2 /* Info.plist */,
				3432B28A1ECC2250007D5EA2 /* Supporting Files */,
			);
			path = OrderedDictionaryTools;
			sourceTree = "<group>";
		};
		3432B28A1ECC2250007D5EA2 /* Supporting Files */ = {
			isa = PBXGroup;
			children = (
				3432B28B1ECC2250007D5EA2 /* main.m */,
			);
			name = "Supporting Files";
			sourceTree = "<group>";
		};
		3432B2A31ECC2251007D5EA2 /* OrderedDictionaryToolsTests */ = {
			isa = PBXGroup;
			children = (
				3432B2A41ECC2251007D5EA2 /* OrderedDictionaryToolsTests.m */,
				3432B2A61ECC2251007D5EA2 /* Info.plist */,
			);
			path = OrderedDictionaryToolsTests;
			sourceTree = "<group>";
		};
		3432B2AE1ECC2251007D5EA2 /* OrderedDictionaryToolsUITests */ = {
			isa = PBXGroup;
			children = (
				3432B2AF1ECC2251007D5EA2 /* OrderedDictionaryToolsUITests.m */,
				3432B2B11ECC2251007D5EA2 /* Info.plist */,
			);
			path = OrderedDictionaryToolsUITests;
			sourceTree = "<group>";
		};
		34A1C8351EFCF8D800BCE1A4 /* OrderDictionary */ = {
			isa = PBXGroup;
			children = (
				34A1C8361EFCF8D800BCE1A4 /* NSDictionary+OrderDictionary.h */,
				34A1C8371EFCF8D800BCE1A4 /* NSDictionary+OrderDictionary.m */,
				34A1C8381EFCF8D800BCE1A4 /* OrderDic.h */,
				34A1C8391EFCF8D800BCE1A4 /* OrderDic.m */,
			);
			path = OrderDictionary;
			sourceTree = "<group>";
		};
/* End PBXGroup section */

/* Begin PBXNativeTarget section */
		3432B2861ECC2250007D5EA2 /* OrderedDictionaryTools */ = {
			isa = PBXNativeTarget;
			buildConfigurationList = 3432B2B41ECC2251007D5EA2 /* Build configuration list for PBXNativeTarget "OrderedDictionaryTools" */;
			buildPhases = (
				3432B2831ECC2250007D5EA2 /* Sources */,
				3432B2841ECC2250007D5EA2 /* Frameworks */,
				3432B2851ECC2250007D5EA2 /* Resources */,
			);
			buildRules = (
			);
			dependencies = (
			);
			name = OrderedDictionaryTools;
			productName = OrderedDictionaryTools;
			productReference = 3432B2871ECC2250007D5EA2 /* OrderedDictionaryTools.app */;
			productType = "com.apple.product-type.application";
		};
		3432B29F1ECC2251007D5EA2 /* OrderedDictionaryToolsTests */ = {
			isa = PBXNativeTarget;
			buildConfigurationList = 3432B2B71ECC2251007D5EA2 /* Build configuration list for PBXNativeTarget "OrderedDictionaryToolsTests" */;
			buildPhases = (
				3432B29C1ECC2251007D5EA2 /* Sources */,
				3432B29D1ECC2251007D5EA2 /* Frameworks */,
				3432B29E1ECC2251007D5EA2 /* Resources */,
			);
			buildRules = (
			);
			dependencies = (
				3432B2A21ECC2251007D5EA2 /* PBXTargetDependency */,
			);
			name = OrderedDictionaryToolsTests;
			productName = OrderedDictionaryToolsTests;
			productReference = 3432B2A01ECC2251007D5EA2 /* OrderedDictionaryToolsTests.xctest */;
			productType = "com.apple.product-type.bundle.unit-test";
		};
		3432B2AA1ECC2251007D5EA2 /* OrderedDictionaryToolsUITests */ = {
			isa = PBXNativeTarget;
			buildConfigurationList = 3432B2BA1ECC2251007D5EA2 /* Build configuration list for PBXNativeTarget "OrderedDictionaryToolsUITests" */;
			buildPhases = (
				3432B2A71ECC2251007D5EA2 /* Sources */,
				3432B2A81ECC2251007D5EA2 /* Frameworks */,
				3432B2A91ECC2251007D5EA2 /* Resources */,
			);
			buildRules = (
			);
			dependencies = (
				3432B2AD1ECC2251007D5EA2 /* PBXTargetDependency */,
			);
			name = OrderedDictionaryToolsUITests;
			productName = OrderedDictionaryToolsUITests;
			productReference = 3432B2AB1ECC2251007D5EA2 /* OrderedDictionaryToolsUITests.xctest */;
			productType = "com.apple.product-type.bundle.ui-testing";
		};
/* End PBXNativeTarget section */

/* Begin PBXProject section */
		3432B27F1ECC2250007D5EA2 /* Project object */ = {
			isa = PBXProject;
			attributes = {
				LastUpgradeCheck = 0830;
				ORGANIZATIONNAME = StevenXie;
				TargetAttributes = {
					3432B2861ECC2250007D5EA2 = {
						CreatedOnToolsVersion = 8.3;
						DevelopmentTeam = 7QT42R489Z;
						ProvisioningStyle = Automatic;
					};
					3432B29F1ECC2251007D5EA2 = {
						CreatedOnToolsVersion = 8.3;
						ProvisioningStyle = Automatic;
						TestTargetID = 3432B2861ECC2250007D5EA2;
					};
					3432B2AA1ECC2251007D5EA2 = {
						CreatedOnToolsVersion = 8.3;
						ProvisioningStyle = Automatic;
						TestTargetID = 3432B2861ECC2250007D5EA2;
					};
				};
			};
			buildConfigurationList = 3432B2821ECC2250007D5EA2 /* Build configuration list for PBXProject "OrderedDictionaryTools" */;
			compatibilityVersion = "Xcode 3.2";
			developmentRegion = English;
			hasScannedForEncodings = 0;
			knownRegions = (
				en,
				Base,
			);
			mainGroup = 3432B27E1ECC2250007D5EA2;
			productRefGroup = 3432B2881ECC2250007D5EA2 /* Products */;
			projectDirPath = "";
			projectRoot = "";
			targets = (
				3432B2861ECC2250007D5EA2 /* OrderedDictionaryTools */,
				3432B29F1ECC2251007D5EA2 /* OrderedDictionaryToolsTests */,
				3432B2AA1ECC2251007D5EA2 /* OrderedDictionaryToolsUITests */,
			);
		};
/* End PBXProject section */

/* Begin PBXResourcesBuildPhase section */
		3432B2851ECC2250007D5EA2 /* Resources */ = {
			isa = PBXResourcesBuildPhase;
			buildActionMask = 2147483647;
			files = (
				3432B29A1ECC2250007D5EA2 /* LaunchScreen.storyboard in Resources */,
				3432B2971ECC2250007D5EA2 /* Assets.xcassets in Resources */,
				3432B2951ECC2250007D5EA2 /* Main.storyboard in Resources */,
			);
			runOnlyForDeploymentPostprocessing = 0;
		};
		3432B29E1ECC2251007D5EA2 /* Resources */ = {
			isa = PBXResourcesBuildPhase;
			buildActionMask = 2147483647;
			files = (
			);
			runOnlyForDeploymentPostprocessing = 0;
		};
		3432B2A91ECC2251007D5EA2 /* Resources */ = {
			isa = PBXResourcesBuildPhase;
			buildActionMask = 2147483647;
			files = (
			);
			runOnlyForDeploymentPostprocessing = 0;
		};
/* End PBXResourcesBuildPhase section */

/* Begin PBXSourcesBuildPhase section */
		3432B2831ECC2250007D5EA2 /* Sources */ = {
			isa = PBXSourcesBuildPhase;
			buildActionMask = 2147483647;
			files = (
				3432B2921ECC2250007D5EA2 /* ViewController.m in Sources */,
				34A1C83B1EFCF8D800BCE1A4 /* OrderDic.m in Sources */,
				34A1C83A1EFCF8D800BCE1A4 /* NSDictionary+OrderDictionary.m in Sources */,
				3432B28F1ECC2250007D5EA2 /* AppDelegate.m in Sources */,
				3432B28C1ECC2250007D5EA2 /* main.m in Sources */,
			);
			runOnlyForDeploymentPostprocessing = 0;
		};
		3432B29C1ECC2251007D5EA2 /* Sources */ = {
			isa = PBXSourcesBuildPhase;
			buildActionMask = 2147483647;
			files = (
				3432B2A51ECC2251007D5EA2 /* OrderedDictionaryToolsTests.m in Sources */,
			);
			runOnlyForDeploymentPostprocessing = 0;
		};
		3432B2A71ECC2251007D5EA2 /* Sources */ = {
			isa = PBXSourcesBuildPhase;
			buildActionMask = 2147483647;
			files = (
				3432B2B01ECC2251007D5EA2 /* OrderedDictionaryToolsUITests.m in Sources */,
			);
			runOnlyForDeploymentPostprocessing = 0;
		};
/* End PBXSourcesBuildPhase section */

/* Begin PBXTargetDependency section */
		3432B2A21ECC2251007D5EA2 /* PBXTargetDependency */ = {
			isa = PBXTargetDependency;
			target = 3432B2861ECC2250007D5EA2 /* OrderedDictionaryTools */;
			targetProxy = 3432B2A11ECC2251007D5EA2 /* PBXContainerItemProxy */;
		};
		3432B2AD1ECC2251007D5EA2 /* PBXTargetDependency */ = {
			isa = PBXTargetDependency;
			target = 3432B2861ECC2250007D5EA2 /* OrderedDictionaryTools */;
			targetProxy = 3432B2AC1ECC2251007D5EA2 /* PBXContainerItemProxy */;
		};
/* End PBXTargetDependency section */

/* Begin PBXVariantGroup section */
		3432B2931ECC2250007D5EA2 /* Main.storyboard */ = {
			isa = PBXVariantGroup;
			children = (
				3432B2941ECC2250007D5EA2 /* Base */,
			);
			name = Main.storyboard;
			sourceTree = "<group>";
		};
		3432B2981ECC2250007D5EA2 /* LaunchScreen.storyboard */ = {
			isa = PBXVariantGroup;
			children = (
				3432B2991ECC2250007D5EA2 /* Base */,
			);
			name = LaunchScreen.storyboard;
			sourceTree = "<group>";
		};
/* End PBXVariantGroup section */

/* Begin XCBuildConfiguration section */
		3432B2B21ECC2251007D5EA2 /* Debug */ = {
			isa = XCBuildConfiguration;
			buildSettings = {
				ALWAYS_SEARCH_USER_PATHS = NO;
				CLANG_ANALYZER_NONNULL = YES;
				CLANG_ANALYZER_NUMBER_OBJECT_CONVERSION = YES_AGGRESSIVE;
				CLANG_CXX_LANGUAGE_STANDARD = "gnu++0x";
				CLANG_CXX_LIBRARY = "libc++";
				CLANG_ENABLE_MODULES = YES;
				CLANG_ENABLE_OBJC_ARC = YES;
				CLANG_WARN_BOOL_CONVERSION = YES;
				CLANG_WARN_CONSTANT_CONVERSION = YES;
				CLANG_WARN_DIRECT_OBJC_ISA_USAGE = YES_ERROR;
				CLANG_WARN_DOCUMENTATION_COMMENTS = YES;
				CLANG_WARN_EMPTY_BODY = YES;
				CLANG_WARN_ENUM_CONVERSION = YES;
				CLANG_WARN_INFINITE_RECURSION = YES;
				CLANG_WARN_INT_CONVERSION = YES;
				CLANG_WARN_OBJC_ROOT_CLASS = YES_ERROR;
				CLANG_WARN_SUSPICIOUS_MOVE = YES;
				CLANG_WARN_UNREACHABLE_CODE = YES;
				CLANG_WARN__DUPLICATE_METHOD_MATCH = YES;
				"CODE_SIGN_IDENTITY[sdk=iphoneos*]" = "iPhone Developer";
				COPY_PHASE_STRIP = NO;
				DEBUG_INFORMATION_FORMAT = dwarf;
				ENABLE_STRICT_OBJC_MSGSEND = YES;
				ENABLE_TESTABILITY = YES;
				GCC_C_LANGUAGE_STANDARD = gnu99;
				GCC_DYNAMIC_NO_PIC = NO;
				GCC_NO_COMMON_BLOCKS = YES;
				GCC_OPTIMIZATION_LEVEL = 0;
				GCC_PREPROCESSOR_DEFINITIONS = (
					"DEBUG=1",
					"$(inherited)",
				);
				GCC_WARN_64_TO_32_BIT_CONVERSION = YES;
				GCC_WARN_ABOUT_RETURN_TYPE = YES_ERROR;
				GCC_WARN_UNDECLARED_SELECTOR = YES;
				GCC_WARN_UNINITIALIZED_AUTOS = YES_AGGRESSIVE;
				GCC_WARN_UNUSED_FUNCTION = YES;
				GCC_WARN_UNUSED_VARIABLE = YES;
				IPHONEOS_DEPLOYMENT_TARGET = 10.3;
				MTL_ENABLE_DEBUG_INFO = YES;
				ONLY_ACTIVE_ARCH = YES;
				SDKROOT = iphoneos;
				TARGETED_DEVICE_FAMILY = "1,2";
			};
			name = Debug;
		};
		3432B2B31ECC2251007D5EA2 /* Release */ = {
			isa = XCBuildConfiguration;
			buildSettings = {
				ALWAYS_SEARCH_USER_PATHS = NO;
				CLANG_ANALYZER_NONNULL = YES;
				CLANG_ANALYZER_NUMBER_OBJECT_CONVERSION = YES_AGGRESSIVE;
				CLANG_CXX_LANGUAGE_STANDARD = "gnu++0x";
				CLANG_CXX_LIBRARY = "libc++";
				CLANG_ENABLE_MODULES = YES;
				CLANG_ENABLE_OBJC_ARC = YES;
				CLANG_WARN_BOOL_CONVERSION = YES;
				CLANG_WARN_CONSTANT_CONVERSION = YES;
				CLANG_WARN_DIRECT_OBJC_ISA_USAGE = YES_ERROR;
				CLANG_WARN_DOCUMENTATION_COMMENTS = YES;
				CLANG_WARN_EMPTY_BODY = YES;
				CLANG_WARN_ENUM_CONVERSION = YES;
				CLANG_WARN_INFINITE_RECURSION = YES;
				CLANG_WARN_INT_CONVERSION = YES;
				CLANG_WARN_OBJC_ROOT_CLASS = YES_ERROR;
				CLANG_WARN_SUSPICIOUS_MOVE = YES;
				CLANG_WARN_UNREACHABLE_CODE = YES;
				CLANG_WARN__DUPLICATE_METHOD_MATCH = YES;
				"CODE_SIGN_IDENTITY[sdk=iphoneos*]" = "iPhone Developer";
				COPY_PHASE_STRIP = NO;
				DEBUG_INFORMATION_FORMAT = "dwarf-with-dsym";
				ENABLE_NS_ASSERTIONS = NO;
				ENABLE_STRICT_OBJC_MSGSEND = YES;
				GCC_C_LANGUAGE_STANDARD = gnu99;
				GCC_NO_COMMON_BLOCKS = YES;
				GCC_WARN_64_TO_32_BIT_CONVERSION = YES;
				GCC_WARN_ABOUT_RETURN_TYPE = YES_ERROR;
				GCC_WARN_UNDECLARED_SELECTOR = YES;
				GCC_WARN_UNINITIALIZED_AUTOS = YES_AGGRESSIVE;
				GCC_WARN_UNUSED_FUNCTION = YES;
				GCC_WARN_UNUSED_VARIABLE = YES;
				IPHONEOS_DEPLOYMENT_TARGET = 10.3;
				MTL_ENABLE_DEBUG_INFO = NO;
				SDKROOT = iphoneos;
				TARGETED_DEVICE_FAMILY = "1,2";
				VALIDATE_PRODUCT = YES;
			};
			name = Release;
		};
		3432B2B51ECC2251007D5EA2 /* Debug */ = {
			isa = XCBuildConfiguration;
			buildSettings = {
				ASSETCATALOG_COMPILER_APPICON_NAME = AppIcon;
				DEVELOPMENT_TEAM = 7QT42R489Z;
				INFOPLIST_FILE = OrderedDictionaryTools/Info.plist;
				IPHONEOS_DEPLOYMENT_TARGET = 8.2;
				LD_RUNPATH_SEARCH_PATHS = "$(inherited) @executable_path/Frameworks";
				PRODUCT_BUNDLE_IDENTIFIER = R.S.OrderedDictionaryTools;
				PRODUCT_NAME = "$(TARGET_NAME)";
			};
			name = Debug;
		};
		3432B2B61ECC2251007D5EA2 /* Release */ = {
			isa = XCBuildConfiguration;
			buildSettings = {
				ASSETCATALOG_COMPILER_APPICON_NAME = AppIcon;
				DEVELOPMENT_TEAM = 7QT42R489Z;
				INFOPLIST_FILE = OrderedDictionaryTools/Info.plist;
				IPHONEOS_DEPLOYMENT_TARGET = 8.2;
				LD_RUNPATH_SEARCH_PATHS = "$(inherited) @executable_path/Frameworks";
				PRODUCT_BUNDLE_IDENTIFIER = R.S.OrderedDictionaryTools;
				PRODUCT_NAME = "$(TARGET_NAME)";
			};
			name = Release;
		};
		3432B2B81ECC2251007D5EA2 /* Debug */ = {
			isa = XCBuildConfiguration;
			buildSettings = {
				BUNDLE_LOADER = "$(TEST_HOST)";
				INFOPLIST_FILE = OrderedDictionaryToolsTests/Info.plist;
				LD_RUNPATH_SEARCH_PATHS = "$(inherited) @executable_path/Frameworks @loader_path/Frameworks";
				PRODUCT_BUNDLE_IDENTIFIER = R.S.OrderedDictionaryToolsTests;
				PRODUCT_NAME = "$(TARGET_NAME)";
				TEST_HOST = "$(BUILT_PRODUCTS_DIR)/OrderedDictionaryTools.app/OrderedDictionaryTools";
			};
			name = Debug;
		};
		3432B2B91ECC2251007D5EA2 /* Release */ = {
			isa = XCBuildConfiguration;
			buildSettings = {
				BUNDLE_LOADER = "$(TEST_HOST)";
				INFOPLIST_FILE = OrderedDictionaryToolsTests/Info.plist;
				LD_RUNPATH_SEARCH_PATHS = "$(inherited) @executable_path/Frameworks @loader_path/Frameworks";
				PRODUCT_BUNDLE_IDENTIFIER = R.S.OrderedDictionaryToolsTests;
				PRODUCT_NAME = "$(TARGET_NAME)";
				TEST_HOST = "$(BUILT_PRODUCTS_DIR)/OrderedDictionaryTools.app/OrderedDictionaryTools";
			};
			name = Release;
		};
		3432B2BB1ECC2251007D5EA2 /* Debug */ = {
			isa = XCBuildConfiguration;
			buildSettings = {
				INFOPLIST_FILE = OrderedDictionaryToolsUITests/Info.plist;
				LD_RUNPATH_SEARCH_PATHS = "$(inherited) @executable_path/Frameworks @loader_path/Frameworks";
				PRODUCT_BUNDLE_IDENTIFIER = R.S.OrderedDictionaryToolsUITests;
				PRODUCT_NAME = "$(TARGET_NAME)";
				TEST_TARGET_NAME = OrderedDictionaryTools;
			};
			name = Debug;
		};
		3432B2BC1ECC2251007D5EA2 /* Release */ = {
			isa = XCBuildConfiguration;
			buildSettings = {
				INFOPLIST_FILE = OrderedDictionaryToolsUITests/Info.plist;
				LD_RUNPATH_SEARCH_PATHS = "$(inherited) @executable_path/Frameworks @loader_path/Frameworks";
				PRODUCT_BUNDLE_IDENTIFIER = R.S.OrderedDictionaryToolsUITests;
				PRODUCT_NAME = "$(TARGET_NAME)";
				TEST_TARGET_NAME = OrderedDictionaryTools;
			};
			name = Release;
		};
/* End XCBuildConfiguration section */

/* Begin XCConfigurationList section */
		3432B2821ECC2250007D5EA2 /* Build configuration list for PBXProject "OrderedDictionaryTools" */ = {
			isa = XCConfigurationList;
			buildConfigurations = (
				3432B2B21ECC2251007D5EA2 /* Debug */,
				3432B2B31ECC2251007D5EA2 /* Release */,
			);
			defaultConfigurationIsVisible = 0;
			defaultConfigurationName = Release;
		};
		3432B2B41ECC2251007D5EA2 /* Build configuration list for PBXNativeTarget "OrderedDictionaryTools" */ = {
			isa = XCConfigurationList;
			buildConfigurations = (
				3432B2B51ECC2251007D5EA2 /* Debug */,
				3432B2B61ECC2251007D5EA2 /* Release */,
			);
			defaultConfigurationIsVisible = 0;
			defaultConfigurationName = Release;
		};
		3432B2B71ECC2251007D5EA2 /* Build configuration list for PBXNativeTarget "OrderedDictionaryToolsTests" */ = {
			isa = XCConfigurationList;
			buildConfigurations = (
				3432B2B81ECC2251007D5EA2 /* Debug */,
				3432B2B91ECC2251007D5EA2 /* Release */,
			);
			defaultConfigurationIsVisible = 0;
			defaultConfigurationName = Release;
		};
		3432B2BA1ECC2251007D5EA2 /* Build configuration list for PBXNativeTarget "OrderedDictionaryToolsUITests" */ = {
			isa = XCConfigurationList;
			buildConfigurations = (
				3432B2BB1ECC2251007D5EA2 /* Debug */,
				3432B2BC1ECC2251007D5EA2 /* Release */,
			);
			defaultConfigurationIsVisible = 0;
			defaultConfigurationName = Release;
		};
/* End XCConfigurationList section */
	};
	rootObject = 3432B27F1ECC2250007D5EA2 /* Project object */;
}
